
Microsoft Visual Studio Solution File, Format Version 12.00
# Visual Studio Version 16
VisualStudioVersion = 16.0.31229.75
MinimumVisualStudioVersion = 10.0.40219.1
Project("{9A19103F-16F7-4668-BE54-9A1E7A4F7556}") = "DevIncubatorCore.HelloWorld", "DevIncubatorBase.Module.HelloWorld\DevIncubatorCore.HelloWorld.csproj", "{6301FEC7-D3F0-4694-A150-D4F792A847C3}"
EndProject
Project("{9A19103F-16F7-4668-BE54-9A1E7A4F7556}") = "DevIncubatorCore", "DevIncubatorCore.Module\DevIncubatorCore.csproj", "{8C7D3F16-63CD-4E6A-A192-B26C74EAF529}"
EndProject
Project("{9A19103F-16F7-4668-BE54-9A1E7A4F7556}") = "DevIncubatorCore.MainConstructions", "DevIncubatorCore.Module.MainConstructions\DevIncubatorCore.MainConstructions.csproj", "{521C441D-5178-4351-B4C7-753E7DAEE078}"
EndProject
Global
	GlobalSection(SolutionConfigurationPlatforms) = preSolution
		Debug|Any CPU = Debug|Any CPU
		Release|Any CPU = Release|Any CPU
	EndGlobalSection
	GlobalSection(ProjectConfigurationPlatforms) = postSolution
		{6301FEC7-D3F0-4694-A150-D4F792A847C3}.Debug|Any CPU.ActiveCfg = Debug|Any CPU
		{6301FEC7-D3F0-4694-A150-D4F792A847C3}.Debug|Any CPU.Build.0 = Debug|Any CPU
		{6301FEC7-D3F0-4694-A150-D4F792A847C3}.Release|Any CPU.ActiveCfg = Release|Any CPU
		{6301FEC7-D3F0-4694-A150-D4F792A847C3}.Release|Any CPU.Build.0 = Release|Any CPU
		{8C7D3F16-63CD-4E6A-A192-B26C74EAF529}.Debug|Any CPU.ActiveCfg = Debug|Any CPU
		{8C7D3F16-63CD-4E6A-A192-B26C74EAF529}.Debug|Any CPU.Build.0 = Debug|Any CPU
		{8C7D3F16-63CD-4E6A-A192-B26C74EAF529}.Release|Any CPU.ActiveCfg = Release|Any CPU
		{8C7D3F16-63CD-4E6A-A192-B26C74EAF529}.Release|Any CPU.Build.0 = Release|Any CPU
		{521C441D-5178-4351-B4C7-753E7DAEE078}.Debug|Any CPU.ActiveCfg = Debug|Any CPU
		{521C441D-5178-4351-B4C7-753E7DAEE078}.Debug|Any CPU.Build.0 = Debug|Any CPU
		{521C441D-5178-4351-B4C7-753E7DAEE078}.Release|Any CPU.ActiveCfg = Release|Any CPU
		{521C441D-5178-4351-B4C7-753E7DAEE078}.Release|Any CPU.Build.0 = Release|Any CPU
	EndGlobalSection
	GlobalSection(SolutionProperties) = preSolution
		HideSolutionNode = FALSE
	EndGlobalSection
	GlobalSection(ExtensibilityGlobals) = postSolution
		SolutionGuid = {BF427E62-B901-4F72-A79D-27FEE54EFA74}
	EndGlobalSection
EndGlobal
